
Microsoft Visual Studio Solution File, Format Version 12.00
# Visual Studio Version 16
VisualStudioVersion = 16.0.30114.105
MinimumVisualStudioVersion = 10.0.40219.1
Project("{FAE04EC0-301F-11D3-BF4B-00C04F79EFBC}") = "Project", "Project.csproj", "{A643F371-E280-4036-9935-B41E851F35F8}"
EndProject
Global
	GlobalSection(SolutionConfigurationPlatforms) = preSolution
		Debug|Any CPU = Debug|Any CPU
		Release|Any CPU = Release|Any CPU
	EndGlobalSection
	GlobalSection(ProjectConfigurationPlatforms) = postSolution
		{A643F371-E280-4036-9935-B41E851F35F8}.Debug|Any CPU.ActiveCfg = Debug|Any CPU
		{A643F371-E280-4036-9935-B41E851F35F8}.Debug|Any CPU.Build.0 = Debug|Any CPU
		{A643F371-E280-4036-9935-B41E851F35F8}.Release|Any CPU.ActiveCfg = Release|Any CPU
		{A643F371-E280-4036-9935-B41E851F35F8}.Release|Any CPU.Build.0 = Release|Any CPU
	EndGlobalSection
	GlobalSection(SolutionProperties) = preSolution
		HideSolutionNode = FALSE
	EndGlobalSection
	GlobalSection(ExtensibilityGlobals) = postSolution
		SolutionGuid = {85963216-D3F4-4CDA-B85C-05351DEE36A9}
	EndGlobalSection
EndGlobal
